
Microsoft Visual Studio Solution File, Format Version 12.00
# Visual Studio 14
VisualStudioVersion = 14.0.25420.1
MinimumVisualStudioVersion = 10.0.40219.1
Project("{FAE04EC0-301F-11D3-BF4B-00C04F79EFBC}") = "MVC8amAvengers", "MVC8amAvengers\MVC8amAvengers.csproj", "{0D8FBC8B-FEE8-4F22-A6BA-B63D86AE452C}"
EndProject
Project("{FAE04EC0-301F-11D3-BF4B-00C04F79EFBC}") = "Mvc8amAvengersTeam", "Mvc8amAvengersTeam\Mvc8amAvengersTeam.csproj", "{F406371B-9825-4094-8E59-257460A5EAEA}"
EndProject
Project("{FAE04EC0-301F-11D3-BF4B-00C04F79EFBC}") = "AdoDotnet", "AdoDotnet\AdoDotnet.csproj", "{24323F8F-EA42-4754-B5B5-004A73FC6B26}"
EndProject
Project("{FAE04EC0-301F-11D3-BF4B-00C04F79EFBC}") = "DatabaseFirstApproach", "DatabaseFirstApproach\DatabaseFirstApproach.csproj", "{FF251400-A647-460D-9D08-38DE480AB89A}"
EndProject
Project("{FAE04EC0-301F-11D3-BF4B-00C04F79EFBC}") = "DatabaseApproach2", "DatabaseApproach2\DatabaseApproach2.csproj", "{5AB81C63-DD93-4A09-8BA9-BF896FCF7F6F}"
EndProject
Project("{FAE04EC0-301F-11D3-BF4B-00C04F79EFBC}") = "CodeFirstApproach", "CodeFirstApproach\CodeFirstApproach.csproj", "{AA335BD7-72AE-4CD0-83AD-0388F0FA58A1}"
EndProject
Project("{FAE04EC0-301F-11D3-BF4B-00C04F79EFBC}") = "CodeFirstApproach2", "CodeFirstApproach2\CodeFirstApproach2.csproj", "{51CBDF0A-C5A1-4D0F-AB75-B001137B6F75}"
EndProject
Project("{FAE04EC0-301F-11D3-BF4B-00C04F79EFBC}") = "ModelFirstApproach", "ModelFirstApproach\ModelFirstApproach.csproj", "{66746556-2F75-4B8F-A8CF-88CD6D20B77A}"
EndProject
Global
	GlobalSection(SolutionConfigurationPlatforms) = preSolution
		Debug|Any CPU = Debug|Any CPU
		Release|Any CPU = Release|Any CPU
	EndGlobalSection
	GlobalSection(ProjectConfigurationPlatforms) = postSolution
		{0D8FBC8B-FEE8-4F22-A6BA-B63D86AE452C}.Debug|Any CPU.ActiveCfg = Debug|Any CPU
		{0D8FBC8B-FEE8-4F22-A6BA-B63D86AE452C}.Debug|Any CPU.Build.0 = Debug|Any CPU
		{0D8FBC8B-FEE8-4F22-A6BA-B63D86AE452C}.Release|Any CPU.ActiveCfg = Release|Any CPU
		{0D8FBC8B-FEE8-4F22-A6BA-B63D86AE452C}.Release|Any CPU.Build.0 = Release|Any CPU
		{F406371B-9825-4094-8E59-257460A5EAEA}.Debug|Any CPU.ActiveCfg = Debug|Any CPU
		{F406371B-9825-4094-8E59-257460A5EAEA}.Debug|Any CPU.Build.0 = Debug|Any CPU
		{F406371B-9825-4094-8E59-257460A5EAEA}.Release|Any CPU.ActiveCfg = Release|Any CPU
		{F406371B-9825-4094-8E59-257460A5EAEA}.Release|Any CPU.Build.0 = Release|Any CPU
		{24323F8F-EA42-4754-B5B5-004A73FC6B26}.Debug|Any CPU.ActiveCfg = Debug|Any CPU
		{24323F8F-EA42-4754-B5B5-004A73FC6B26}.Debug|Any CPU.Build.0 = Debug|Any CPU
		{24323F8F-EA42-4754-B5B5-004A73FC6B26}.Release|Any CPU.ActiveCfg = Release|Any CPU
		{24323F8F-EA42-4754-B5B5-004A73FC6B26}.Release|Any CPU.Build.0 = Release|Any CPU
		{FF251400-A647-460D-9D08-38DE480AB89A}.Debug|Any CPU.ActiveCfg = Debug|Any CPU
		{FF251400-A647-460D-9D08-38DE480AB89A}.Debug|Any CPU.Build.0 = Debug|Any CPU
		{FF251400-A647-460D-9D08-38DE480AB89A}.Release|Any CPU.ActiveCfg = Release|Any CPU
		{FF251400-A647-460D-9D08-38DE480AB89A}.Release|Any CPU.Build.0 = Release|Any CPU
		{5AB81C63-DD93-4A09-8BA9-BF896FCF7F6F}.Debug|Any CPU.ActiveCfg = Debug|Any CPU
		{5AB81C63-DD93-4A09-8BA9-BF896FCF7F6F}.Debug|Any CPU.Build.0 = Debug|Any CPU
		{5AB81C63-DD93-4A09-8BA9-BF896FCF7F6F}.Release|Any CPU.ActiveCfg = Release|Any CPU
		{5AB81C63-DD93-4A09-8BA9-BF896FCF7F6F}.Release|Any CPU.Build.0 = Release|Any CPU
		{AA335BD7-72AE-4CD0-83AD-0388F0FA58A1}.Debug|Any CPU.ActiveCfg = Debug|Any CPU
		{AA335BD7-72AE-4CD0-83AD-0388F0FA58A1}.Debug|Any CPU.Build.0 = Debug|Any CPU
		{AA335BD7-72AE-4CD0-83AD-0388F0FA58A1}.Release|Any CPU.ActiveCfg = Release|Any CPU
		{AA335BD7-72AE-4CD0-83AD-0388F0FA58A1}.Release|Any CPU.Build.0 = Release|Any CPU
		{51CBDF0A-C5A1-4D0F-AB75-B001137B6F75}.Debug|Any CPU.ActiveCfg = Debug|Any CPU
		{51CBDF0A-C5A1-4D0F-AB75-B001137B6F75}.Debug|Any CPU.Build.0 = Debug|Any CPU
		{51CBDF0A-C5A1-4D0F-AB75-B001137B6F75}.Release|Any CPU.ActiveCfg = Release|Any CPU
		{51CBDF0A-C5A1-4D0F-AB75-B001137B6F75}.Release|Any CPU.Build.0 = Release|Any CPU
		{66746556-2F75-4B8F-A8CF-88CD6D20B77A}.Debug|Any CPU.ActiveCfg = Debug|Any CPU
		{66746556-2F75-4B8F-A8CF-88CD6D20B77A}.Debug|Any CPU.Build.0 = Debug|Any CPU
		{66746556-2F75-4B8F-A8CF-88CD6D20B77A}.Release|Any CPU.ActiveCfg = Release|Any CPU
		{66746556-2F75-4B8F-A8CF-88CD6D20B77A}.Release|Any CPU.Build.0 = Release|Any CPU
	EndGlobalSection
	GlobalSection(SolutionProperties) = preSolution
		HideSolutionNode = FALSE
	EndGlobalSection
EndGlobal
